
Microsoft Visual Studio Solution File, Format Version 12.00
# Visual Studio Version 17
VisualStudioVersion = 17.14.36616.10 d17.14
MinimumVisualStudioVersion = 10.0.40219.1
Project("{FAE04EC0-301F-11D3-BF4B-00C04F79EFBC}") = "HouseRentingSystem", "HouseRentingSystem\HouseRentingSystem.csproj", "{973066E6-3CD3-4432-82BE-04839CD81C20}"
EndProject
Global
	GlobalSection(SolutionConfigurationPlatforms) = preSolution
		Debug|Any CPU = Debug|Any CPU
		Release|Any CPU = Release|Any CPU
	EndGlobalSection
	GlobalSection(ProjectConfigurationPlatforms) = postSolution
		{973066E6-3CD3-4432-82BE-04839CD81C20}.Debug|Any CPU.ActiveCfg = Debug|Any CPU
		{973066E6-3CD3-4432-82BE-04839CD81C20}.Debug|Any CPU.Build.0 = Debug|Any CPU
		{973066E6-3CD3-4432-82BE-04839CD81C20}.Release|Any CPU.ActiveCfg = Release|Any CPU
		{973066E6-3CD3-4432-82BE-04839CD81C20}.Release|Any CPU.Build.0 = Release|Any CPU
	EndGlobalSection
	GlobalSection(SolutionProperties) = preSolution
		HideSolutionNode = FALSE
	EndGlobalSection
	GlobalSection(ExtensibilityGlobals) = postSolution
		SolutionGuid = {0CA0BD0A-986E-495C-A6DC-F3FB4F5B7BF8}
	EndGlobalSection
EndGlobal
